// !$*UTF8*$!
{
	archiveVersion = 1;
	classes = {
	};
	objectVersion = 46;
	objects = {

/* Begin PBXBuildFile section */
		979F4C4933C7888C6025BB39 /* libPods.a in Frameworks */ = {isa = PBXBuildFile; fileRef = 865665AEA5E9A71F65869583 /* libPods.a */; };
		DB0DEA991A532AA3005FA967 /* CircleSpinnerView.m in Sources */ = {isa = PBXBuildFile; fileRef = DB0DEA981A532AA3005FA967 /* CircleSpinnerView.m */; };
		DB0DEA9C1A532CFF005FA967 /* LikeButton.m in Sources */ = {isa = PBXBuildFile; fileRef = DB0DEA9B1A532CFF005FA967 /* LikeButton.m */; };
		DB37D29F1A63020900295B9B /* ComposeCommentView.m in Sources */ = {isa = PBXBuildFile; fileRef = DB37D29E1A63020900295B9B /* ComposeCommentView.m */; };
		DB507D611A262D1A0000B04F /* main.m in Sources */ = {isa = PBXBuildFile; fileRef = DB507D601A262D1A0000B04F /* main.m */; };
		DB507D641A262D1A0000B04F /* AppDelegate.m in Sources */ = {isa = PBXBuildFile; fileRef = DB507D631A262D1A0000B04F /* AppDelegate.m */; };
		DB507D671A262D1A0000B04F /* ViewController.m in Sources */ = {isa = PBXBuildFile; fileRef = DB507D661A262D1A0000B04F /* ViewController.m */; };
		DB507D6A1A262D1B0000B04F /* Main.storyboard in Resources */ = {isa = PBXBuildFile; fileRef = DB507D681A262D1B0000B04F /* Main.storyboard */; };
		DB507D6C1A262D1B0000B04F /* Images.xcassets in Resources */ = {isa = PBXBuildFile; fileRef = DB507D6B1A262D1B0000B04F /* Images.xcassets */; };
		DB507D6F1A262D1B0000B04F /* LaunchScreen.xib in Resources */ = {isa = PBXBuildFile; fileRef = DB507D6D1A262D1B0000B04F /* LaunchScreen.xib */; };
		DB507D7B1A262D1B0000B04F /* BlocstagramTests.m in Sources */ = {isa = PBXBuildFile; fileRef = DB507D7A1A262D1B0000B04F /* BlocstagramTests.m */; };
		DB507D8F1A2AE9780000B04F /* 1.jpg in Resources */ = {isa = PBXBuildFile; fileRef = DB507D851A2AE9780000B04F /* 1.jpg */; };
		DB507D901A2AE9780000B04F /* 2.jpg in Resources */ = {isa = PBXBuildFile; fileRef = DB507D861A2AE9780000B04F /* 2.jpg */; };
		DB507D911A2AE9780000B04F /* 3.jpg in Resources */ = {isa = PBXBuildFile; fileRef = DB507D871A2AE9780000B04F /* 3.jpg */; };
		DB507D921A2AE9780000B04F /* 4.jpg in Resources */ = {isa = PBXBuildFile; fileRef = DB507D881A2AE9780000B04F /* 4.jpg */; };
		DB507D931A2AE9780000B04F /* 5.jpg in Resources */ = {isa = PBXBuildFile; fileRef = DB507D891A2AE9780000B04F /* 5.jpg */; };
		DB507D941A2AE9780000B04F /* 6.jpg in Resources */ = {isa = PBXBuildFile; fileRef = DB507D8A1A2AE9780000B04F /* 6.jpg */; };
		DB507D951A2AE9780000B04F /* 7.jpg in Resources */ = {isa = PBXBuildFile; fileRef = DB507D8B1A2AE9780000B04F /* 7.jpg */; };
		DB507D961A2AE9780000B04F /* 8.jpg in Resources */ = {isa = PBXBuildFile; fileRef = DB507D8C1A2AE9780000B04F /* 8.jpg */; };
		DB507D971A2AE9780000B04F /* 9.jpg in Resources */ = {isa = PBXBuildFile; fileRef = DB507D8D1A2AE9780000B04F /* 9.jpg */; };
		DB507D981A2AE9780000B04F /* 10.jpg in Resources */ = {isa = PBXBuildFile; fileRef = DB507D8E1A2AE9780000B04F /* 10.jpg */; };
		DB507D9B1A2AE9FE0000B04F /* ImagesTableViewController.m in Sources */ = {isa = PBXBuildFile; fileRef = DB507D9A1A2AE9FE0000B04F /* ImagesTableViewController.m */; };
		DB52DDE31A49D5640008EABA /* MediaFullScreenViewController.m in Sources */ = {isa = PBXBuildFile; fileRef = DB52DDE21A49D5640008EABA /* MediaFullScreenViewController.m */; };
		DB52DDE61A49D9C10008EABA /* MediaFullScreenAnimator.m in Sources */ = {isa = PBXBuildFile; fileRef = DB52DDE51A49D9C10008EABA /* MediaFullScreenAnimator.m */; };
		DB5BE7C61A66176100CC5706 /* CameraToolbar.m in Sources */ = {isa = PBXBuildFile; fileRef = DB5BE7C51A66176100CC5706 /* CameraToolbar.m */; };
		DB5BE7C91A6622A400CC5706 /* CameraViewController.m in Sources */ = {isa = PBXBuildFile; fileRef = DB5BE7C81A6622A400CC5706 /* CameraViewController.m */; };
		DB5BE7CC1A66340C00CC5706 /* UIImage+ImageUtilities.m in Sources */ = {isa = PBXBuildFile; fileRef = DB5BE7CB1A66340C00CC5706 /* UIImage+ImageUtilities.m */; };
		DB732A351A2C39CB0073EDF0 /* User.m in Sources */ = {isa = PBXBuildFile; fileRef = DB732A341A2C39CB0073EDF0 /* User.m */; };
		DB732A391A2C3DDC0073EDF0 /* Media.m in Sources */ = {isa = PBXBuildFile; fileRef = DB732A381A2C3DDC0073EDF0 /* Media.m */; };
		DB732A3C1A2C3F080073EDF0 /* Comment.m in Sources */ = {isa = PBXBuildFile; fileRef = DB732A3B1A2C3F080073EDF0 /* Comment.m */; };
		DB732A3F1A2C425D0073EDF0 /* DataSource.m in Sources */ = {isa = PBXBuildFile; fileRef = DB732A3E1A2C425D0073EDF0 /* DataSource.m */; };
		DB732A421A2D5C120073EDF0 /* MediaTableViewCell.m in Sources */ = {isa = PBXBuildFile; fileRef = DB732A411A2D5C120073EDF0 /* MediaTableViewCell.m */; };
		DB9394E51A369AB9002B5730 /* LoginViewController.m in Sources */ = {isa = PBXBuildFile; fileRef = DB9394E41A369AB9002B5730 /* LoginViewController.m */; };
/* End PBXBuildFile section */

/* Begin PBXContainerItemProxy section */
		DB507D751A262D1B0000B04F /* PBXContainerItemProxy */ = {
			isa = PBXContainerItemProxy;
			containerPortal = DB507D531A262D1A0000B04F /* Project object */;
			proxyType = 1;
			remoteGlobalIDString = DB507D5A1A262D1A0000B04F;
			remoteInfo = Blocstagram;
		};
/* End PBXContainerItemProxy section */

/* Begin PBXFileReference section */
		4FD1D4FD5AFF805FB44157B6 /* Pods.release.xcconfig */ = {isa = PBXFileReference; includeInIndex = 1; lastKnownFileType = text.xcconfig; name = Pods.release.xcconfig; path = "Pods/Target Support Files/Pods/Pods.release.xcconfig"; sourceTree = "<group>"; };
		6E579F8EE70D436186725FF7 /* Pods.debug.xcconfig */ = {isa = PBXFileReference; includeInIndex = 1; lastKnownFileType = text.xcconfig; name = Pods.debug.xcconfig; path = "Pods/Target Support Files/Pods/Pods.debug.xcconfig"; sourceTree = "<group>"; };
		865665AEA5E9A71F65869583 /* libPods.a */ = {isa = PBXFileReference; explicitFileType = archive.ar; includeInIndex = 0; path = libPods.a; sourceTree = BUILT_PRODUCTS_DIR; };
		DB0DEA971A532AA3005FA967 /* CircleSpinnerView.h */ = {isa = PBXFileReference; fileEncoding = 4; lastKnownFileType = sourcecode.c.h; path = CircleSpinnerView.h; sourceTree = "<group>"; };
		DB0DEA981A532AA3005FA967 /* CircleSpinnerView.m */ = {isa = PBXFileReference; fileEncoding = 4; lastKnownFileType = sourcecode.c.objc; path = CircleSpinnerView.m; sourceTree = "<group>"; };
		DB0DEA9A1A532CFF005FA967 /* LikeButton.h */ = {isa = PBXFileReference; fileEncoding = 4; lastKnownFileType = sourcecode.c.h; path = LikeButton.h; sourceTree = "<group>"; };
		DB0DEA9B1A532CFF005FA967 /* LikeButton.m */ = {isa = PBXFileReference; fileEncoding = 4; lastKnownFileType = sourcecode.c.objc; path = LikeButton.m; sourceTree = "<group>"; };
		DB37D29D1A63020900295B9B /* ComposeCommentView.h */ = {isa = PBXFileReference; fileEncoding = 4; lastKnownFileType = sourcecode.c.h; path = ComposeCommentView.h; sourceTree = "<group>"; };
		DB37D29E1A63020900295B9B /* ComposeCommentView.m */ = {isa = PBXFileReference; fileEncoding = 4; lastKnownFileType = sourcecode.c.objc; path = ComposeCommentView.m; sourceTree = "<group>"; };
		DB507D5B1A262D1A0000B04F /* Blocstagram.app */ = {isa = PBXFileReference; explicitFileType = wrapper.application; includeInIndex = 0; path = Blocstagram.app; sourceTree = BUILT_PRODUCTS_DIR; };
		DB507D5F1A262D1A0000B04F /* Info.plist */ = {isa = PBXFileReference; lastKnownFileType = text.plist.xml; path = Info.plist; sourceTree = "<group>"; };
		DB507D601A262D1A0000B04F /* main.m */ = {isa = PBXFileReference; lastKnownFileType = sourcecode.c.objc; path = main.m; sourceTree = "<group>"; };
		DB507D621A262D1A0000B04F /* AppDelegate.h */ = {isa = PBXFileReference; lastKnownFileType = sourcecode.c.h; path = AppDelegate.h; sourceTree = "<group>"; };
		DB507D631A262D1A0000B04F /* AppDelegate.m */ = {isa = PBXFileReference; lastKnownFileType = sourcecode.c.objc; path = AppDelegate.m; sourceTree = "<group>"; };
		DB507D651A262D1A0000B04F /* ViewController.h */ = {isa = PBXFileReference; lastKnownFileType = sourcecode.c.h; path = ViewController.h; sourceTree = "<group>"; };
		DB507D661A262D1A0000B04F /* ViewController.m */ = {isa = PBXFileReference; lastKnownFileType = sourcecode.c.objc; path = ViewController.m; sourceTree = "<group>"; };
		DB507D691A262D1B0000B04F /* Base */ = {isa = PBXFileReference; lastKnownFileType = file.storyboard; name = Base; path = Base.lproj/Main.storyboard; sourceTree = "<group>"; };
		DB507D6B1A262D1B0000B04F /* Images.xcassets */ = {isa = PBXFileReference; lastKnownFileType = folder.assetcatalog; path = Images.xcassets; sourceTree = "<group>"; };
		DB507D6E1A262D1B0000B04F /* Base */ = {isa = PBXFileReference; lastKnownFileType = file.xib; name = Base; path = Base.lproj/LaunchScreen.xib; sourceTree = "<group>"; };
		DB507D741A262D1B0000B04F /* BlocstagramTests.xctest */ = {isa = PBXFileReference; explicitFileType = wrapper.cfbundle; includeInIndex = 0; path = BlocstagramTests.xctest; sourceTree = BUILT_PRODUCTS_DIR; };
		DB507D791A262D1B0000B04F /* Info.plist */ = {isa = PBXFileReference; lastKnownFileType = text.plist.xml; path = Info.plist; sourceTree = "<group>"; };
		DB507D7A1A262D1B0000B04F /* BlocstagramTests.m */ = {isa = PBXFileReference; lastKnownFileType = sourcecode.c.objc; path = BlocstagramTests.m; sourceTree = "<group>"; };
		DB507D851A2AE9780000B04F /* 1.jpg */ = {isa = PBXFileReference; lastKnownFileType = image.jpeg; path = 1.jpg; sourceTree = "<group>"; };
		DB507D861A2AE9780000B04F /* 2.jpg */ = {isa = PBXFileReference; lastKnownFileType = image.jpeg; path = 2.jpg; sourceTree = "<group>"; };
		DB507D871A2AE9780000B04F /* 3.jpg */ = {isa = PBXFileReference; lastKnownFileType = image.jpeg; path = 3.jpg; sourceTree = "<group>"; };
		DB507D881A2AE9780000B04F /* 4.jpg */ = {isa = PBXFileReference; lastKnownFileType = image.jpeg; path = 4.jpg; sourceTree = "<group>"; };
		DB507D891A2AE9780000B04F /* 5.jpg */ = {isa = PBXFileReference; lastKnownFileType = image.jpeg; path = 5.jpg; sourceTree = "<group>"; };
		DB507D8A1A2AE9780000B04F /* 6.jpg */ = {isa = PBXFileReference; lastKnownFileType = image.jpeg; path = 6.jpg; sourceTree = "<group>"; };
		DB507D8B1A2AE9780000B04F /* 7.jpg */ = {isa = PBXFileReference; lastKnownFileType = image.jpeg; path = 7.jpg; sourceTree = "<group>"; };
		DB507D8C1A2AE9780000B04F /* 8.jpg */ = {isa = PBXFileReference; lastKnownFileType = image.jpeg; path = 8.jpg; sourceTree = "<group>"; };
		DB507D8D1A2AE9780000B04F /* 9.jpg */ = {isa = PBXFileReference; lastKnownFileType = image.jpeg; path = 9.jpg; sourceTree = "<group>"; };
		DB507D8E1A2AE9780000B04F /* 10.jpg */ = {isa = PBXFileReference; lastKnownFileType = image.jpeg; path = 10.jpg; sourceTree = "<group>"; };
		DB507D991A2AE9FE0000B04F /* ImagesTableViewController.h */ = {isa = PBXFileReference; fileEncoding = 4; lastKnownFileType = sourcecode.c.h; path = ImagesTableViewController.h; sourceTree = "<group>"; };
		DB507D9A1A2AE9FE0000B04F /* ImagesTableViewController.m */ = {isa = PBXFileReference; fileEncoding = 4; lastKnownFileType = sourcecode.c.objc; path = ImagesTableViewController.m; sourceTree = "<group>"; };
		DB52DDE11A49D5640008EABA /* MediaFullScreenViewController.h */ = {isa = PBXFileReference; fileEncoding = 4; lastKnownFileType = sourcecode.c.h; path = MediaFullScreenViewController.h; sourceTree = "<group>"; };
		DB52DDE21A49D5640008EABA /* MediaFullScreenViewController.m */ = {isa = PBXFileReference; fileEncoding = 4; lastKnownFileType = sourcecode.c.objc; path = MediaFullScreenViewController.m; sourceTree = "<group>"; };
		DB52DDE41A49D9C10008EABA /* MediaFullScreenAnimator.h */ = {isa = PBXFileReference; fileEncoding = 4; lastKnownFileType = sourcecode.c.h; path = MediaFullScreenAnimator.h; sourceTree = "<group>"; };
		DB52DDE51A49D9C10008EABA /* MediaFullScreenAnimator.m */ = {isa = PBXFileReference; fileEncoding = 4; lastKnownFileType = sourcecode.c.objc; path = MediaFullScreenAnimator.m; sourceTree = "<group>"; };
		DB5BE7C41A66176100CC5706 /* CameraToolbar.h */ = {isa = PBXFileReference; fileEncoding = 4; lastKnownFileType = sourcecode.c.h; path = CameraToolbar.h; sourceTree = "<group>"; };
		DB5BE7C51A66176100CC5706 /* CameraToolbar.m */ = {isa = PBXFileReference; fileEncoding = 4; lastKnownFileType = sourcecode.c.objc; path = CameraToolbar.m; sourceTree = "<group>"; };
		DB5BE7C71A6622A400CC5706 /* CameraViewController.h */ = {isa = PBXFileReference; fileEncoding = 4; lastKnownFileType = sourcecode.c.h; path = CameraViewController.h; sourceTree = "<group>"; };
		DB5BE7C81A6622A400CC5706 /* CameraViewController.m */ = {isa = PBXFileReference; fileEncoding = 4; lastKnownFileType = sourcecode.c.objc; path = CameraViewController.m; sourceTree = "<group>"; };
		DB5BE7CA1A66340C00CC5706 /* UIImage+ImageUtilities.h */ = {isa = PBXFileReference; fileEncoding = 4; lastKnownFileType = sourcecode.c.h; path = "UIImage+ImageUtilities.h"; sourceTree = "<group>"; };
		DB5BE7CB1A66340C00CC5706 /* UIImage+ImageUtilities.m */ = {isa = PBXFileReference; fileEncoding = 4; lastKnownFileType = sourcecode.c.objc; path = "UIImage+ImageUtilities.m"; sourceTree = "<group>"; };
		DB732A331A2C39CB0073EDF0 /* User.h */ = {isa = PBXFileReference; fileEncoding = 4; lastKnownFileType = sourcecode.c.h; path = User.h; sourceTree = "<group>"; };
		DB732A341A2C39CB0073EDF0 /* User.m */ = {isa = PBXFileReference; fileEncoding = 4; lastKnownFileType = sourcecode.c.objc; path = User.m; sourceTree = "<group>"; };
		DB732A371A2C3DDC0073EDF0 /* Media.h */ = {isa = PBXFileReference; fileEncoding = 4; lastKnownFileType = sourcecode.c.h; path = Media.h; sourceTree = "<group>"; };
		DB732A381A2C3DDC0073EDF0 /* Media.m */ = {isa = PBXFileReference; fileEncoding = 4; lastKnownFileType = sourcecode.c.objc; path = Media.m; sourceTree = "<group>"; };
		DB732A3A1A2C3F080073EDF0 /* Comment.h */ = {isa = PBXFileReference; fileEncoding = 4; lastKnownFileType = sourcecode.c.h; path = Comment.h; sourceTree = "<group>"; };
		DB732A3B1A2C3F080073EDF0 /* Comment.m */ = {isa = PBXFileReference; fileEncoding = 4; lastKnownFileType = sourcecode.c.objc; path = Comment.m; sourceTree = "<group>"; };
		DB732A3D1A2C425D0073EDF0 /* DataSource.h */ = {isa = PBXFileReference; fileEncoding = 4; lastKnownFileType = sourcecode.c.h; path = DataSource.h; sourceTree = "<group>"; };
		DB732A3E1A2C425D0073EDF0 /* DataSource.m */ = {isa = PBXFileReference; fileEncoding = 4; lastKnownFileType = sourcecode.c.objc; path = DataSource.m; sourceTree = "<group>"; };
		DB732A401A2D5C120073EDF0 /* MediaTableViewCell.h */ = {isa = PBXFileReference; fileEncoding = 4; lastKnownFileType = sourcecode.c.h; path = MediaTableViewCell.h; sourceTree = "<group>"; };
		DB732A411A2D5C120073EDF0 /* MediaTableViewCell.m */ = {isa = PBXFileReference; fileEncoding = 4; lastKnownFileType = sourcecode.c.objc; path = MediaTableViewCell.m; sourceTree = "<group>"; };
		DB9394E31A369AB9002B5730 /* LoginViewController.h */ = {isa = PBXFileReference; fileEncoding = 4; lastKnownFileType = sourcecode.c.h; path = LoginViewController.h; sourceTree = "<group>"; };
		DB9394E41A369AB9002B5730 /* LoginViewController.m */ = {isa = PBXFileReference; fileEncoding = 4; lastKnownFileType = sourcecode.c.objc; path = LoginViewController.m; sourceTree = "<group>"; };
/* End PBXFileReference section */

/* Begin PBXFrameworksBuildPhase section */
		DB507D581A262D1A0000B04F /* Frameworks */ = {
			isa = PBXFrameworksBuildPhase;
			buildActionMask = 2147483647;
			files = (
				979F4C4933C7888C6025BB39 /* libPods.a in Frameworks */,
			);
			runOnlyForDeploymentPostprocessing = 0;
		};
		DB507D711A262D1B0000B04F /* Frameworks */ = {
			isa = PBXFrameworksBuildPhase;
			buildActionMask = 2147483647;
			files = (
			);
			runOnlyForDeploymentPostprocessing = 0;
		};
/* End PBXFrameworksBuildPhase section */

/* Begin PBXGroup section */
		5F07579EA3421E634DC22838 /* Frameworks */ = {
			isa = PBXGroup;
			children = (
				865665AEA5E9A71F65869583 /* libPods.a */,
			);
			name = Frameworks;
			sourceTree = "<group>";
		};
		6CBCDC7E7FB5D16D62E5A7BD /* Pods */ = {
			isa = PBXGroup;
			children = (
				6E579F8EE70D436186725FF7 /* Pods.debug.xcconfig */,
				4FD1D4FD5AFF805FB44157B6 /* Pods.release.xcconfig */,
			);
			name = Pods;
			sourceTree = "<group>";
		};
		DB507D521A262D1A0000B04F = {
			isa = PBXGroup;
			children = (
				DB507D5D1A262D1A0000B04F /* Blocstagram */,
				DB507D771A262D1B0000B04F /* BlocstagramTests */,
				DB507D5C1A262D1A0000B04F /* Products */,
				6CBCDC7E7FB5D16D62E5A7BD /* Pods */,
				5F07579EA3421E634DC22838 /* Frameworks */,
			);
			sourceTree = "<group>";
		};
		DB507D5C1A262D1A0000B04F /* Products */ = {
			isa = PBXGroup;
			children = (
				DB507D5B1A262D1A0000B04F /* Blocstagram.app */,
				DB507D741A262D1B0000B04F /* BlocstagramTests.xctest */,
			);
			name = Products;
			sourceTree = "<group>";
		};
		DB507D5D1A262D1A0000B04F /* Blocstagram */ = {
			isa = PBXGroup;
			children = (
				DB507D841A2AE9200000B04F /* Images */,
				DB507D621A262D1A0000B04F /* AppDelegate.h */,
				DB5BE7C41A66176100CC5706 /* CameraToolbar.h */,
				DB5BE7C51A66176100CC5706 /* CameraToolbar.m */,
				DB5BE7C71A6622A400CC5706 /* CameraViewController.h */,
				DB5BE7C81A6622A400CC5706 /* CameraViewController.m */,
				DB5BE7CA1A66340C00CC5706 /* UIImage+ImageUtilities.h */,
				DB5BE7CB1A66340C00CC5706 /* UIImage+ImageUtilities.m */,
				DB507D631A262D1A0000B04F /* AppDelegate.m */,
				DB507D991A2AE9FE0000B04F /* ImagesTableViewController.h */,
				DB507D9A1A2AE9FE0000B04F /* ImagesTableViewController.m */,
				DB52DDE41A49D9C10008EABA /* MediaFullScreenAnimator.h */,
				DB52DDE51A49D9C10008EABA /* MediaFullScreenAnimator.m */,
				DB732A401A2D5C120073EDF0 /* MediaTableViewCell.h */,
				DB732A411A2D5C120073EDF0 /* MediaTableViewCell.m */,
				DB0DEA971A532AA3005FA967 /* CircleSpinnerView.h */,
				DB0DEA981A532AA3005FA967 /* CircleSpinnerView.m */,
				DB0DEA9A1A532CFF005FA967 /* LikeButton.h */,
				DB0DEA9B1A532CFF005FA967 /* LikeButton.m */,
				DB37D29D1A63020900295B9B /* ComposeCommentView.h */,
				DB37D29E1A63020900295B9B /* ComposeCommentView.m */,
				DB52DDE11A49D5640008EABA /* MediaFullScreenViewController.h */,
				DB52DDE21A49D5640008EABA /* MediaFullScreenViewController.m */,
				DB732A331A2C39CB0073EDF0 /* User.h */,
				DB732A341A2C39CB0073EDF0 /* User.m */,
				DB732A371A2C3DDC0073EDF0 /* Media.h */,
				DB732A381A2C3DDC0073EDF0 /* Media.m */,
				DB732A3A1A2C3F080073EDF0 /* Comment.h */,
				DB732A3B1A2C3F080073EDF0 /* Comment.m */,
				DB732A3D1A2C425D0073EDF0 /* DataSource.h */,
				DB732A3E1A2C425D0073EDF0 /* DataSource.m */,
				DB9394E31A369AB9002B5730 /* LoginViewController.h */,
				DB9394E41A369AB9002B5730 /* LoginViewController.m */,
				DB507D651A262D1A0000B04F /* ViewController.h */,
				DB507D661A262D1A0000B04F /* ViewController.m */,
				DB507D681A262D1B0000B04F /* Main.storyboard */,
				DB507D6B1A262D1B0000B04F /* Images.xcassets */,
				DB507D6D1A262D1B0000B04F /* LaunchScreen.xib */,
				DB507D5E1A262D1A0000B04F /* Supporting Files */,
			);
			path = Blocstagram;
			sourceTree = "<group>";
		};
		DB507D5E1A262D1A0000B04F /* Supporting Files */ = {
			isa = PBXGroup;
			children = (
				DB507D5F1A262D1A0000B04F /* Info.plist */,
				DB507D601A262D1A0000B04F /* main.m */,
			);
			name = "Supporting Files";
			sourceTree = "<group>";
		};
		DB507D771A262D1B0000B04F /* BlocstagramTests */ = {
			isa = PBXGroup;
			children = (
				DB507D7A1A262D1B0000B04F /* BlocstagramTests.m */,
				DB507D781A262D1B0000B04F /* Supporting Files */,
			);
			path = BlocstagramTests;
			sourceTree = "<group>";
		};
		DB507D781A262D1B0000B04F /* Supporting Files */ = {
			isa = PBXGroup;
			children = (
				DB507D791A262D1B0000B04F /* Info.plist */,
			);
			name = "Supporting Files";
			sourceTree = "<group>";
		};
		DB507D841A2AE9200000B04F /* Images */ = {
			isa = PBXGroup;
			children = (
				DB507D851A2AE9780000B04F /* 1.jpg */,
				DB507D861A2AE9780000B04F /* 2.jpg */,
				DB507D871A2AE9780000B04F /* 3.jpg */,
				DB507D881A2AE9780000B04F /* 4.jpg */,
				DB507D891A2AE9780000B04F /* 5.jpg */,
				DB507D8A1A2AE9780000B04F /* 6.jpg */,
				DB507D8B1A2AE9780000B04F /* 7.jpg */,
				DB507D8C1A2AE9780000B04F /* 8.jpg */,
				DB507D8D1A2AE9780000B04F /* 9.jpg */,
				DB507D8E1A2AE9780000B04F /* 10.jpg */,
			);
			name = Images;
			sourceTree = "<group>";
		};
/* End PBXGroup section */

/* Begin PBXNativeTarget section */
		DB507D5A1A262D1A0000B04F /* Blocstagram */ = {
			isa = PBXNativeTarget;
			buildConfigurationList = DB507D7E1A262D1B0000B04F /* Build configuration list for PBXNativeTarget "Blocstagram" */;
			buildPhases = (
				F2C36C5827BF18A0B6E7CF7C /* Check Pods Manifest.lock */,
				DB507D571A262D1A0000B04F /* Sources */,
				DB507D581A262D1A0000B04F /* Frameworks */,
				DB507D591A262D1A0000B04F /* Resources */,
				CF5CC66FF1FFCDC2D20A969F /* Copy Pods Resources */,
			);
			buildRules = (
			);
			dependencies = (
			);
			name = Blocstagram;
			productName = Blocstagram;
			productReference = DB507D5B1A262D1A0000B04F /* Blocstagram.app */;
			productType = "com.apple.product-type.application";
		};
		DB507D731A262D1B0000B04F /* BlocstagramTests */ = {
			isa = PBXNativeTarget;
			buildConfigurationList = DB507D811A262D1B0000B04F /* Build configuration list for PBXNativeTarget "BlocstagramTests" */;
			buildPhases = (
				DB507D701A262D1B0000B04F /* Sources */,
				DB507D711A262D1B0000B04F /* Frameworks */,
				DB507D721A262D1B0000B04F /* Resources */,
			);
			buildRules = (
			);
			dependencies = (
				DB507D761A262D1B0000B04F /* PBXTargetDependency */,
			);
			name = BlocstagramTests;
			productName = BlocstagramTests;
			productReference = DB507D741A262D1B0000B04F /* BlocstagramTests.xctest */;
			productType = "com.apple.product-type.bundle.unit-test";
		};
/* End PBXNativeTarget section */

/* Begin PBXProject section */
		DB507D531A262D1A0000B04F /* Project object */ = {
			isa = PBXProject;
			attributes = {
				LastUpgradeCheck = 0600;
				ORGANIZATIONNAME = "Peter Shultz";
				TargetAttributes = {
					DB507D5A1A262D1A0000B04F = {
						CreatedOnToolsVersion = 6.0.1;
					};
					DB507D731A262D1B0000B04F = {
						CreatedOnToolsVersion = 6.0.1;
						TestTargetID = DB507D5A1A262D1A0000B04F;
					};
				};
			};
			buildConfigurationList = DB507D561A262D1A0000B04F /* Build configuration list for PBXProject "Blocstagram" */;
			compatibilityVersion = "Xcode 3.2";
			developmentRegion = English;
			hasScannedForEncodings = 0;
			knownRegions = (
				en,
				Base,
			);
			mainGroup = DB507D521A262D1A0000B04F;
			productRefGroup = DB507D5C1A262D1A0000B04F /* Products */;
			projectDirPath = "";
			projectRoot = "";
			targets = (
				DB507D5A1A262D1A0000B04F /* Blocstagram */,
				DB507D731A262D1B0000B04F /* BlocstagramTests */,
			);
		};
/* End PBXProject section */

/* Begin PBXResourcesBuildPhase section */
		DB507D591A262D1A0000B04F /* Resources */ = {
			isa = PBXResourcesBuildPhase;
			buildActionMask = 2147483647;
			files = (
				DB507D981A2AE9780000B04F /* 10.jpg in Resources */,
				DB507D961A2AE9780000B04F /* 8.jpg in Resources */,
				DB507D941A2AE9780000B04F /* 6.jpg in Resources */,
				DB507D6A1A262D1B0000B04F /* Main.storyboard in Resources */,
				DB507D931A2AE9780000B04F /* 5.jpg in Resources */,
				DB507D921A2AE9780000B04F /* 4.jpg in Resources */,
				DB507D8F1A2AE9780000B04F /* 1.jpg in Resources */,
				DB507D901A2AE9780000B04F /* 2.jpg in Resources */,
				DB507D911A2AE9780000B04F /* 3.jpg in Resources */,
				DB507D951A2AE9780000B04F /* 7.jpg in Resources */,
				DB507D971A2AE9780000B04F /* 9.jpg in Resources */,
				DB507D6F1A262D1B0000B04F /* LaunchScreen.xib in Resources */,
				DB507D6C1A262D1B0000B04F /* Images.xcassets in Resources */,
			);
			runOnlyForDeploymentPostprocessing = 0;
		};
		DB507D721A262D1B0000B04F /* Resources */ = {
			isa = PBXResourcesBuildPhase;
			buildActionMask = 2147483647;
			files = (
			);
			runOnlyForDeploymentPostprocessing = 0;
		};
/* End PBXResourcesBuildPhase section */

/* Begin PBXShellScriptBuildPhase section */
		CF5CC66FF1FFCDC2D20A969F /* Copy Pods Resources */ = {
			isa = PBXShellScriptBuildPhase;
			buildActionMask = 2147483647;
			files = (
			);
			inputPaths = (
			);
			name = "Copy Pods Resources";
			outputPaths = (
			);
			runOnlyForDeploymentPostprocessing = 0;
			shellPath = /bin/sh;
			shellScript = "\"${SRCROOT}/Pods/Target Support Files/Pods/Pods-resources.sh\"\n";
			showEnvVarsInLog = 0;
		};
		F2C36C5827BF18A0B6E7CF7C /* Check Pods Manifest.lock */ = {
			isa = PBXShellScriptBuildPhase;
			buildActionMask = 2147483647;
			files = (
			);
			inputPaths = (
			);
			name = "Check Pods Manifest.lock";
			outputPaths = (
			);
			runOnlyForDeploymentPostprocessing = 0;
			shellPath = /bin/sh;
			shellScript = "diff \"${PODS_ROOT}/../Podfile.lock\" \"${PODS_ROOT}/Manifest.lock\" > /dev/null\nif [[ $? != 0 ]] ; then\n    cat << EOM\nerror: The sandbox is not in sync with the Podfile.lock. Run 'pod install' or update your CocoaPods installation.\nEOM\n    exit 1\nfi\n";
			showEnvVarsInLog = 0;
		};
/* End PBXShellScriptBuildPhase section */

/* Begin PBXSourcesBuildPhase section */
		DB507D571A262D1A0000B04F /* Sources */ = {
			isa = PBXSourcesBuildPhase;
			buildActionMask = 2147483647;
			files = (
				DB732A3C1A2C3F080073EDF0 /* Comment.m in Sources */,
				DB732A391A2C3DDC0073EDF0 /* Media.m in Sources */,
				DB732A421A2D5C120073EDF0 /* MediaTableViewCell.m in Sources */,
				DB37D29F1A63020900295B9B /* ComposeCommentView.m in Sources */,
				DB0DEA991A532AA3005FA967 /* CircleSpinnerView.m in Sources */,
				DB732A3F1A2C425D0073EDF0 /* DataSource.m in Sources */,
				DB5BE7C61A66176100CC5706 /* CameraToolbar.m in Sources */,
				DB9394E51A369AB9002B5730 /* LoginViewController.m in Sources */,
				DB732A351A2C39CB0073EDF0 /* User.m in Sources */,
				DB507D671A262D1A0000B04F /* ViewController.m in Sources */,
				DB5BE7C91A6622A400CC5706 /* CameraViewController.m in Sources */,
				DB0DEA9C1A532CFF005FA967 /* LikeButton.m in Sources */,
				DB5BE7CC1A66340C00CC5706 /* UIImage+ImageUtilities.m in Sources */,
				DB52DDE31A49D5640008EABA /* MediaFullScreenViewController.m in Sources */,
				DB507D641A262D1A0000B04F /* AppDelegate.m in Sources */,
				DB507D611A262D1A0000B04F /* main.m in Sources */,
				DB52DDE61A49D9C10008EABA /* MediaFullScreenAnimator.m in Sources */,
				DB507D9B1A2AE9FE0000B04F /* ImagesTableViewController.m in Sources */,
			);
			runOnlyForDeploymentPostprocessing = 0;
		};
		DB507D701A262D1B0000B04F /* Sources */ = {
			isa = PBXSourcesBuildPhase;
			buildActionMask = 2147483647;
			files = (
				DB507D7B1A262D1B0000B04F /* BlocstagramTests.m in Sources */,
			);
			runOnlyForDeploymentPostprocessing = 0;
		};
/* End PBXSourcesBuildPhase section */

/* Begin PBXTargetDependency section */
		DB507D761A262D1B0000B04F /* PBXTargetDependency */ = {
			isa = PBXTargetDependency;
			target = DB507D5A1A262D1A0000B04F /* Blocstagram */;
			targetProxy = DB507D751A262D1B0000B04F /* PBXContainerItemProxy */;
		};
/* End PBXTargetDependency section */

/* Begin PBXVariantGroup section */
		DB507D681A262D1B0000B04F /* Main.storyboard */ = {
			isa = PBXVariantGroup;
			children = (
				DB507D691A262D1B0000B04F /* Base */,
			);
			name = Main.storyboard;
			sourceTree = "<group>";
		};
		DB507D6D1A262D1B0000B04F /* LaunchScreen.xib */ = {
			isa = PBXVariantGroup;
			children = (
				DB507D6E1A262D1B0000B04F /* Base */,
			);
			name = LaunchScreen.xib;
			sourceTree = "<group>";
		};
/* End PBXVariantGroup section */

/* Begin XCBuildConfiguration section */
		DB507D7C1A262D1B0000B04F /* Debug */ = {
			isa = XCBuildConfiguration;
			buildSettings = {
				ALWAYS_SEARCH_USER_PATHS = NO;
				CLANG_CXX_LANGUAGE_STANDARD = "gnu++0x";
				CLANG_CXX_LIBRARY = "libc++";
				CLANG_ENABLE_MODULES = YES;
				CLANG_ENABLE_OBJC_ARC = YES;
				CLANG_WARN_BOOL_CONVERSION = YES;
				CLANG_WARN_CONSTANT_CONVERSION = YES;
				CLANG_WARN_DIRECT_OBJC_ISA_USAGE = YES_ERROR;
				CLANG_WARN_EMPTY_BODY = YES;
				CLANG_WARN_ENUM_CONVERSION = YES;
				CLANG_WARN_INT_CONVERSION = YES;
				CLANG_WARN_OBJC_ROOT_CLASS = YES_ERROR;
				CLANG_WARN_UNREACHABLE_CODE = YES;
				CLANG_WARN__DUPLICATE_METHOD_MATCH = YES;
				"CODE_SIGN_IDENTITY[sdk=iphoneos*]" = "iPhone Developer";
				COPY_PHASE_STRIP = NO;
				ENABLE_STRICT_OBJC_MSGSEND = YES;
				GCC_C_LANGUAGE_STANDARD = gnu99;
				GCC_DYNAMIC_NO_PIC = NO;
				GCC_OPTIMIZATION_LEVEL = 0;
				GCC_PREPROCESSOR_DEFINITIONS = (
					"DEBUG=1",
					"$(inherited)",
				);
				GCC_SYMBOLS_PRIVATE_EXTERN = NO;
				GCC_WARN_64_TO_32_BIT_CONVERSION = YES;
				GCC_WARN_ABOUT_RETURN_TYPE = YES_ERROR;
				GCC_WARN_UNDECLARED_SELECTOR = YES;
				GCC_WARN_UNINITIALIZED_AUTOS = YES_AGGRESSIVE;
				GCC_WARN_UNUSED_FUNCTION = YES;
				GCC_WARN_UNUSED_VARIABLE = YES;
				IPHONEOS_DEPLOYMENT_TARGET = 8.0;
				MTL_ENABLE_DEBUG_INFO = YES;
				ONLY_ACTIVE_ARCH = YES;
				SDKROOT = iphoneos;
				TARGETED_DEVICE_FAMILY = "1,2";
			};
			name = Debug;
		};
		DB507D7D1A262D1B0000B04F /* Release */ = {
			isa = XCBuildConfiguration;
			buildSettings = {
				ALWAYS_SEARCH_USER_PATHS = NO;
				CLANG_CXX_LANGUAGE_STANDARD = "gnu++0x";
				CLANG_CXX_LIBRARY = "libc++";
				CLANG_ENABLE_MODULES = YES;
				CLANG_ENABLE_OBJC_ARC = YES;
				CLANG_WARN_BOOL_CONVERSION = YES;
				CLANG_WARN_CONSTANT_CONVERSION = YES;
				CLANG_WARN_DIRECT_OBJC_ISA_USAGE = YES_ERROR;
				CLANG_WARN_EMPTY_BODY = YES;
				CLANG_WARN_ENUM_CONVERSION = YES;
				CLANG_WARN_INT_CONVERSION = YES;
				CLANG_WARN_OBJC_ROOT_CLASS = YES_ERROR;
				CLANG_WARN_UNREACHABLE_CODE = YES;
				CLANG_WARN__DUPLICATE_METHOD_MATCH = YES;
				"CODE_SIGN_IDENTITY[sdk=iphoneos*]" = "iPhone Developer";
				COPY_PHASE_STRIP = YES;
				ENABLE_NS_ASSERTIONS = NO;
				ENABLE_STRICT_OBJC_MSGSEND = YES;
				GCC_C_LANGUAGE_STANDARD = gnu99;
				GCC_WARN_64_TO_32_BIT_CONVERSION = YES;
				GCC_WARN_ABOUT_RETURN_TYPE = YES_ERROR;
				GCC_WARN_UNDECLARED_SELECTOR = YES;
				GCC_WARN_UNINITIALIZED_AUTOS = YES_AGGRESSIVE;
				GCC_WARN_UNUSED_FUNCTION = YES;
				GCC_WARN_UNUSED_VARIABLE = YES;
				IPHONEOS_DEPLOYMENT_TARGET = 8.0;
				MTL_ENABLE_DEBUG_INFO = NO;
				SDKROOT = iphoneos;
				TARGETED_DEVICE_FAMILY = "1,2";
				VALIDATE_PRODUCT = YES;
			};
			name = Release;
		};
		DB507D7F1A262D1B0000B04F /* Debug */ = {
			isa = XCBuildConfiguration;
			baseConfigurationReference = 6E579F8EE70D436186725FF7 /* Pods.debug.xcconfig */;
			buildSettings = {
				ASSETCATALOG_COMPILER_APPICON_NAME = AppIcon;
				GCC_PRECOMPILE_PREFIX_HEADER = YES;
				INFOPLIST_FILE = Blocstagram/Info.plist;
				LD_RUNPATH_SEARCH_PATHS = "$(inherited) @executable_path/Frameworks";
				PRODUCT_NAME = "$(TARGET_NAME)";
			};
			name = Debug;
		};
		DB507D801A262D1B0000B04F /* Release */ = {
			isa = XCBuildConfiguration;
			baseConfigurationReference = 4FD1D4FD5AFF805FB44157B6 /* Pods.release.xcconfig */;
			buildSettings = {
				ASSETCATALOG_COMPILER_APPICON_NAME = AppIcon;
				GCC_PRECOMPILE_PREFIX_HEADER = YES;
				INFOPLIST_FILE = Blocstagram/Info.plist;
				LD_RUNPATH_SEARCH_PATHS = "$(inherited) @executable_path/Frameworks";
				PRODUCT_NAME = "$(TARGET_NAME)";
			};
			name = Release;
		};
		DB507D821A262D1B0000B04F /* Debug */ = {
			isa = XCBuildConfiguration;
			buildSettings = {
				BUNDLE_LOADER = "$(TEST_HOST)";
				FRAMEWORK_SEARCH_PATHS = (
					"$(SDKROOT)/Developer/Library/Frameworks",
					"$(inherited)",
				);
				GCC_PREPROCESSOR_DEFINITIONS = (
					"DEBUG=1",
					"$(inherited)",
				);
				INFOPLIST_FILE = BlocstagramTests/Info.plist;
				LD_RUNPATH_SEARCH_PATHS = "$(inherited) @executable_path/Frameworks @loader_path/Frameworks";
				PRODUCT_NAME = "$(TARGET_NAME)";
				TEST_HOST = "$(BUILT_PRODUCTS_DIR)/Blocstagram.app/Blocstagram";
			};
			name = Debug;
		};
		DB507D831A262D1B0000B04F /* Release */ = {
			isa = XCBuildConfiguration;
			buildSettings = {
				BUNDLE_LOADER = "$(TEST_HOST)";
				FRAMEWORK_SEARCH_PATHS = (
					"$(SDKROOT)/Developer/Library/Frameworks",
					"$(inherited)",
				);
				INFOPLIST_FILE = BlocstagramTests/Info.plist;
				LD_RUNPATH_SEARCH_PATHS = "$(inherited) @executable_path/Frameworks @loader_path/Frameworks";
				PRODUCT_NAME = "$(TARGET_NAME)";
				TEST_HOST = "$(BUILT_PRODUCTS_DIR)/Blocstagram.app/Blocstagram";
			};
			name = Release;
		};
/* End XCBuildConfiguration section */

/* Begin XCConfigurationList section */
		DB507D561A262D1A0000B04F /* Build configuration list for PBXProject "Blocstagram" */ = {
			isa = XCConfigurationList;
			buildConfigurations = (
				DB507D7C1A262D1B0000B04F /* Debug */,
				DB507D7D1A262D1B0000B04F /* Release */,
			);
			defaultConfigurationIsVisible = 0;
			defaultConfigurationName = Release;
		};
		DB507D7E1A262D1B0000B04F /* Build configuration list for PBXNativeTarget "Blocstagram" */ = {
			isa = XCConfigurationList;
			buildConfigurations = (
				DB507D7F1A262D1B0000B04F /* Debug */,
				DB507D801A262D1B0000B04F /* Release */,
			);
			defaultConfigurationIsVisible = 0;
			defaultConfigurationName = Release;
		};
		DB507D811A262D1B0000B04F /* Build configuration list for PBXNativeTarget "BlocstagramTests" */ = {
			isa = XCConfigurationList;
			buildConfigurations = (
				DB507D821A262D1B0000B04F /* Debug */,
				DB507D831A262D1B0000B04F /* Release */,
			);
			defaultConfigurationIsVisible = 0;
			defaultConfigurationName = Release;
		};
/* End XCConfigurationList section */
	};
	rootObject = DB507D531A262D1A0000B04F /* Project object */;
}
